
Microsoft Visual Studio Solution File, Format Version 11.00
# Visual Studio 2010
# SharpDevelop 4.4
Project("{FAE04EC0-301F-11D3-BF4B-00C04F79EFBC}") = "Coffee", "Coffee\Coffee.csproj", "{8724500A-18E1-468A-94E2-797B44C3A8B2}"
EndProject
Global
	GlobalSection(SolutionConfigurationPlatforms) = preSolution
		Debug|Any CPU = Debug|Any CPU
		Release|Any CPU = Release|Any CPU
	EndGlobalSection
	GlobalSection(ProjectConfigurationPlatforms) = postSolution
		{8724500A-18E1-468A-94E2-797B44C3A8B2}.Debug|Any CPU.Build.0 = Debug|Any CPU
		{8724500A-18E1-468A-94E2-797B44C3A8B2}.Debug|Any CPU.ActiveCfg = Debug|Any CPU
		{8724500A-18E1-468A-94E2-797B44C3A8B2}.Release|Any CPU.Build.0 = Release|Any CPU
		{8724500A-18E1-468A-94E2-797B44C3A8B2}.Release|Any CPU.ActiveCfg = Release|Any CPU
	EndGlobalSection
EndGlobal
